PODS:
  - Sourcery (0.17.0)
  - SwiftGen (6.1.0)
  - SwiftLint (0.39.1)

DEPENDENCIES:
  - Sourcery
  - SwiftGen
  - SwiftLint

SPEC REPOS:
  https://cdn.cocoapods.org/:
    - Sourcery
    - SwiftGen
    - SwiftLint

SPEC CHECKSUMS:
  Sourcery: 3ed61be7c8a1218fce349266139379dba477efe0
  SwiftGen: f872ca75cbd17bf7103c17f13dcfa0d9a15667b0
  SwiftLint: 55e96a4a4d537d4a3156859fc1c54bd24851a046

PODFILE CHECKSUM: e8915089a4b0134f5904b963322a13f16e7a4857

COCOAPODS: 1.9.0
